Microsoft Visual Studio Solution File, Format Version 12.00
# Visual Studio 15
Project("{2150E333-8FDC-42A3-9474-1A3956D46DE8}") = "CMakePredefinedTargets", "CMakePredefinedTargets", "{108D7609-6814-3658-ADE6-8254A46E5F3B}"
EndProject
Project("{2150E333-8FDC-42A3-9474-1A3956D46DE8}") = "Foundation", "Foundation", "{118D7176-D27B-3CD6-BFFF-17BDD588B5EB}"
EndProject
Project("{2150E333-8FDC-42A3-9474-1A3956D46DE8}") = "Plugins", "Plugins", "{664078AD-8930-3839-BD1C-5C1AEA959737}"
EndProject
Project("{2150E333-8FDC-42A3-9474-1A3956D46DE8}") = "Utilities", "Utilities", "{C47AB30F-A2BD-3978-BCE6-9A260A85D808}"
EndProject
Project("{8BC9CEB8-8B4A-11D0-8D11-00A0C91BC942}") = "ALL_BUILD", "ALL_BUILD.vcxproj", "{1D7B53D3-1486-395E-ABB2-748EC70AFA02}"
	ProjectSection(ProjectDependencies) = postProject
		{BE6DA378-480B-3E1F-9128-2DFB6D111435} = {BE6DA378-480B-3E1F-9128-2DFB6D111435}
		{39DDB930-3EC7-3E44-A635-15E482207955} = {39DDB930-3EC7-3E44-A635-15E482207955}
		{6A71B04C-B751-36EC-B318-16A66425B303} = {6A71B04C-B751-36EC-B318-16A66425B303}
		{A486881A-559E-32CA-BE99-0F354066AA4D} = {A486881A-559E-32CA-BE99-0F354066AA4D}
		{2875FEEE-64CB-358D-99F5-62F8ACF1B713} = {2875FEEE-64CB-358D-99F5-62F8ACF1B713}
		{BA064006-D025-3A01-82B1-C3EB3B187CFB} = {BA064006-D025-3A01-82B1-C3EB3B187CFB}
		{05D4BC5E-9162-3385-BA29-3F5BBF10FBBB} = {05D4BC5E-9162-3385-BA29-3F5BBF10FBBB}
		{53DE739B-65C3-3B7C-A6BC-4A59D8EFFE1F} = {53DE739B-65C3-3B7C-A6BC-4A59D8EFFE1F}
		{F20E4FD1-8730-3CEB-BCF5-8F0B232118B4} = {F20E4FD1-8730-3CEB-BCF5-8F0B232118B4}
		{68133F99-6238-309F-83E0-46E0680E9E12} = {68133F99-6238-309F-83E0-46E0680E9E12}
		{A91D27D7-0316-3208-9CF1-F76D10FBF474} = {A91D27D7-0316-3208-9CF1-F76D10FBF474}
	EndProjectSection
EndProject
Project("{8BC9CEB8-8B4A-11D0-8D11-00A0C91BC942}") = "INSTALL", "INSTALL.vcxproj", "{0F107324-CC83-3D01-BEC5-5D71C50C27FE}"
	ProjectSection(ProjectDependencies) = postProject
		{1D7B53D3-1486-395E-ABB2-748EC70AFA02} = {1D7B53D3-1486-395E-ABB2-748EC70AFA02}
		{BE6DA378-480B-3E1F-9128-2DFB6D111435} = {BE6DA378-480B-3E1F-9128-2DFB6D111435}
	EndProjectSection
EndProject
Project("{8BC9CEB8-8B4A-11D0-8D11-00A0C91BC942}") = "ZERO_CHECK", "ZERO_CHECK.vcxproj", "{BE6DA378-480B-3E1F-9128-2DFB6D111435}"
	ProjectSection(ProjectDependencies) = postProject
	EndProjectSection
EndProject
Project("{8BC9CEB8-8B4A-11D0-8D11-00A0C91BC942}") = "bsf", "Source\Foundation\bsf.vcxproj", "{39DDB930-3EC7-3E44-A635-15E482207955}"
	ProjectSection(ProjectDependencies) = postProject
		{BE6DA378-480B-3E1F-9128-2DFB6D111435} = {BE6DA378-480B-3E1F-9128-2DFB6D111435}
	EndProjectSection
EndProject
Project("{8BC9CEB8-8B4A-11D0-8D11-00A0C91BC942}") = "bsfD3D11RenderAPI", "Source\Plugins\bsfD3D11RenderAPI\bsfD3D11RenderAPI.vcxproj", "{6A71B04C-B751-36EC-B318-16A66425B303}"
	ProjectSection(ProjectDependencies) = postProject
		{BE6DA378-480B-3E1F-9128-2DFB6D111435} = {BE6DA378-480B-3E1F-9128-2DFB6D111435}
		{39DDB930-3EC7-3E44-A635-15E482207955} = {39DDB930-3EC7-3E44-A635-15E482207955}
	EndProjectSection
EndProject
Project("{8BC9CEB8-8B4A-11D0-8D11-00A0C91BC942}") = "bsfFBXImporter", "Source\Plugins\bsfFBXImporter\bsfFBXImporter.vcxproj", "{A486881A-559E-32CA-BE99-0F354066AA4D}"
	ProjectSection(ProjectDependencies) = postProject
		{BE6DA378-480B-3E1F-9128-2DFB6D111435} = {BE6DA378-480B-3E1F-9128-2DFB6D111435}
		{39DDB930-3EC7-3E44-A635-15E482207955} = {39DDB930-3EC7-3E44-A635-15E482207955}
	EndProjectSection
EndProject
Project("{8BC9CEB8-8B4A-11D0-8D11-00A0C91BC942}") = "bsfFontImporter", "Source\Plugins\bsfFontImporter\bsfFontImporter.vcxproj", "{2875FEEE-64CB-358D-99F5-62F8ACF1B713}"
	ProjectSection(ProjectDependencies) = postProject
		{BE6DA378-480B-3E1F-9128-2DFB6D111435} = {BE6DA378-480B-3E1F-9128-2DFB6D111435}
		{39DDB930-3EC7-3E44-A635-15E482207955} = {39DDB930-3EC7-3E44-A635-15E482207955}
	EndProjectSection
EndProject
Project("{8BC9CEB8-8B4A-11D0-8D11-00A0C91BC942}") = "bsfFreeImgImporter", "Source\Plugins\bsfFreeImgImporter\bsfFreeImgImporter.vcxproj", "{BA064006-D025-3A01-82B1-C3EB3B187CFB}"
	ProjectSection(ProjectDependencies) = postProject
		{BE6DA378-480B-3E1F-9128-2DFB6D111435} = {BE6DA378-480B-3E1F-9128-2DFB6D111435}
		{39DDB930-3EC7-3E44-A635-15E482207955} = {39DDB930-3EC7-3E44-A635-15E482207955}
	EndProjectSection
EndProject
Project("{8BC9CEB8-8B4A-11D0-8D11-00A0C91BC942}") = "bsfImportTool", "Source\bsfImportTool.vcxproj", "{05D4BC5E-9162-3385-BA29-3F5BBF10FBBB}"
	ProjectSection(ProjectDependencies) = postProject
		{BE6DA378-480B-3E1F-9128-2DFB6D111435} = {BE6DA378-480B-3E1F-9128-2DFB6D111435}
		{39DDB930-3EC7-3E44-A635-15E482207955} = {39DDB930-3EC7-3E44-A635-15E482207955}
		{6A71B04C-B751-36EC-B318-16A66425B303} = {6A71B04C-B751-36EC-B318-16A66425B303}
		{A486881A-559E-32CA-BE99-0F354066AA4D} = {A486881A-559E-32CA-BE99-0F354066AA4D}
		{2875FEEE-64CB-358D-99F5-62F8ACF1B713} = {2875FEEE-64CB-358D-99F5-62F8ACF1B713}
		{BA064006-D025-3A01-82B1-C3EB3B187CFB} = {BA064006-D025-3A01-82B1-C3EB3B187CFB}
		{53DE739B-65C3-3B7C-A6BC-4A59D8EFFE1F} = {53DE739B-65C3-3B7C-A6BC-4A59D8EFFE1F}
		{F20E4FD1-8730-3CEB-BCF5-8F0B232118B4} = {F20E4FD1-8730-3CEB-BCF5-8F0B232118B4}
		{68133F99-6238-309F-83E0-46E0680E9E12} = {68133F99-6238-309F-83E0-46E0680E9E12}
		{A91D27D7-0316-3208-9CF1-F76D10FBF474} = {A91D27D7-0316-3208-9CF1-F76D10FBF474}
	EndProjectSection
EndProject
Project("{8BC9CEB8-8B4A-11D0-8D11-00A0C91BC942}") = "bsfOpenAudio", "Source\Plugins\bsfOpenAudio\bsfOpenAudio.vcxproj", "{53DE739B-65C3-3B7C-A6BC-4A59D8EFFE1F}"
	ProjectSection(ProjectDependencies) = postProject
		{BE6DA378-480B-3E1F-9128-2DFB6D111435} = {BE6DA378-480B-3E1F-9128-2DFB6D111435}
		{39DDB930-3EC7-3E44-A635-15E482207955} = {39DDB930-3EC7-3E44-A635-15E482207955}
	EndProjectSection
EndProject
Project("{8BC9CEB8-8B4A-11D0-8D11-00A0C91BC942}") = "bsfPhysX", "Source\Plugins\bsfPhysX\bsfPhysX.vcxproj", "{F20E4FD1-8730-3CEB-BCF5-8F0B232118B4}"
	ProjectSection(ProjectDependencies) = postProject
		{BE6DA378-480B-3E1F-9128-2DFB6D111435} = {BE6DA378-480B-3E1F-9128-2DFB6D111435}
		{39DDB930-3EC7-3E44-A635-15E482207955} = {39DDB930-3EC7-3E44-A635-15E482207955}
	EndProjectSection
EndProject
Project("{8BC9CEB8-8B4A-11D0-8D11-00A0C91BC942}") = "bsfRenderBeast", "Source\Plugins\bsfRenderBeast\bsfRenderBeast.vcxproj", "{68133F99-6238-309F-83E0-46E0680E9E12}"
	ProjectSection(ProjectDependencies) = postProject
		{BE6DA378-480B-3E1F-9128-2DFB6D111435} = {BE6DA378-480B-3E1F-9128-2DFB6D111435}
		{39DDB930-3EC7-3E44-A635-15E482207955} = {39DDB930-3EC7-3E44-A635-15E482207955}
	EndProjectSection
EndProject
Project("{8BC9CEB8-8B4A-11D0-8D11-00A0C91BC942}") = "bsfSL", "Source\Plugins\bsfSL\bsfSL.vcxproj", "{A91D27D7-0316-3208-9CF1-F76D10FBF474}"
	ProjectSection(ProjectDependencies) = postProject
		{BE6DA378-480B-3E1F-9128-2DFB6D111435} = {BE6DA378-480B-3E1F-9128-2DFB6D111435}
		{39DDB930-3EC7-3E44-A635-15E482207955} = {39DDB930-3EC7-3E44-A635-15E482207955}
	EndProjectSection
EndProject
Global
	GlobalSection(SolutionConfigurationPlatforms) = preSolution
		Debug|Win32 = Debug|Win32
		Release|Win32 = Release|Win32
		MinSizeRel|Win32 = MinSizeRel|Win32
		RelWithDebInfo|Win32 = RelWithDebInfo|Win32
	EndGlobalSection
	GlobalSection(ProjectConfigurationPlatforms) = postSolution
		{1D7B53D3-1486-395E-ABB2-748EC70AFA02}.Debug|Win32.ActiveCfg = Debug|Win32
		{1D7B53D3-1486-395E-ABB2-748EC70AFA02}.Debug|Win32.Build.0 = Debug|Win32
		{1D7B53D3-1486-395E-ABB2-748EC70AFA02}.Release|Win32.ActiveCfg = Release|Win32
		{1D7B53D3-1486-395E-ABB2-748EC70AFA02}.Release|Win32.Build.0 = Release|Win32
		{1D7B53D3-1486-395E-ABB2-748EC70AFA02}.MinSizeRel|Win32.ActiveCfg = MinSizeRel|Win32
		{1D7B53D3-1486-395E-ABB2-748EC70AFA02}.MinSizeRel|Win32.Build.0 = MinSizeRel|Win32
		{1D7B53D3-1486-395E-ABB2-748EC70AFA02}.RelWithDebInfo|Win32.ActiveCfg = RelWithDebInfo|Win32
		{1D7B53D3-1486-395E-ABB2-748EC70AFA02}.RelWithDebInfo|Win32.Build.0 = RelWithDebInfo|Win32
		{0F107324-CC83-3D01-BEC5-5D71C50C27FE}.Debug|Win32.ActiveCfg = Debug|Win32
		{0F107324-CC83-3D01-BEC5-5D71C50C27FE}.Release|Win32.ActiveCfg = Release|Win32
		{0F107324-CC83-3D01-BEC5-5D71C50C27FE}.MinSizeRel|Win32.ActiveCfg = MinSizeRel|Win32
		{0F107324-CC83-3D01-BEC5-5D71C50C27FE}.RelWithDebInfo|Win32.ActiveCfg = RelWithDebInfo|Win32
		{BE6DA378-480B-3E1F-9128-2DFB6D111435}.Debug|Win32.ActiveCfg = Debug|Win32
		{BE6DA378-480B-3E1F-9128-2DFB6D111435}.Debug|Win32.Build.0 = Debug|Win32
		{BE6DA378-480B-3E1F-9128-2DFB6D111435}.Release|Win32.ActiveCfg = Release|Win32
		{BE6DA378-480B-3E1F-9128-2DFB6D111435}.Release|Win32.Build.0 = Release|Win32
		{BE6DA378-480B-3E1F-9128-2DFB6D111435}.MinSizeRel|Win32.ActiveCfg = MinSizeRel|Win32
		{BE6DA378-480B-3E1F-9128-2DFB6D111435}.MinSizeRel|Win32.Build.0 = MinSizeRel|Win32
		{BE6DA378-480B-3E1F-9128-2DFB6D111435}.RelWithDebInfo|Win32.ActiveCfg = RelWithDebInfo|Win32
		{BE6DA378-480B-3E1F-9128-2DFB6D111435}.RelWithDebInfo|Win32.Build.0 = RelWithDebInfo|Win32
		{39DDB930-3EC7-3E44-A635-15E482207955}.Debug|Win32.ActiveCfg = Debug|Win32
		{39DDB930-3EC7-3E44-A635-15E482207955}.Debug|Win32.Build.0 = Debug|Win32
		{39DDB930-3EC7-3E44-A635-15E482207955}.Release|Win32.ActiveCfg = Release|Win32
		{39DDB930-3EC7-3E44-A635-15E482207955}.Release|Win32.Build.0 = Release|Win32
		{39DDB930-3EC7-3E44-A635-15E482207955}.MinSizeRel|Win32.ActiveCfg = MinSizeRel|Win32
		{39DDB930-3EC7-3E44-A635-15E482207955}.MinSizeRel|Win32.Build.0 = MinSizeRel|Win32
		{39DDB930-3EC7-3E44-A635-15E482207955}.RelWithDebInfo|Win32.ActiveCfg = RelWithDebInfo|Win32
		{39DDB930-3EC7-3E44-A635-15E482207955}.RelWithDebInfo|Win32.Build.0 = RelWithDebInfo|Win32
		{6A71B04C-B751-36EC-B318-16A66425B303}.Debug|Win32.ActiveCfg = Debug|Win32
		{6A71B04C-B751-36EC-B318-16A66425B303}.Debug|Win32.Build.0 = Debug|Win32
		{6A71B04C-B751-36EC-B318-16A66425B303}.Release|Win32.ActiveCfg = Release|Win32
		{6A71B04C-B751-36EC-B318-16A66425B303}.Release|Win32.Build.0 = Release|Win32
		{6A71B04C-B751-36EC-B318-16A66425B303}.MinSizeRel|Win32.ActiveCfg = MinSizeRel|Win32
		{6A71B04C-B751-36EC-B318-16A66425B303}.MinSizeRel|Win32.Build.0 = MinSizeRel|Win32
		{6A71B04C-B751-36EC-B318-16A66425B303}.RelWithDebInfo|Win32.ActiveCfg = RelWithDebInfo|Win32
		{6A71B04C-B751-36EC-B318-16A66425B303}.RelWithDebInfo|Win32.Build.0 = RelWithDebInfo|Win32
		{A486881A-559E-32CA-BE99-0F354066AA4D}.Debug|Win32.ActiveCfg = Debug|Win32
		{A486881A-559E-32CA-BE99-0F354066AA4D}.Debug|Win32.Build.0 = Debug|Win32
		{A486881A-559E-32CA-BE99-0F354066AA4D}.Release|Win32.ActiveCfg = Release|Win32
		{A486881A-559E-32CA-BE99-0F354066AA4D}.Release|Win32.Build.0 = Release|Win32
		{A486881A-559E-32CA-BE99-0F354066AA4D}.MinSizeRel|Win32.ActiveCfg = MinSizeRel|Win32
		{A486881A-559E-32CA-BE99-0F354066AA4D}.MinSizeRel|Win32.Build.0 = MinSizeRel|Win32
		{A486881A-559E-32CA-BE99-0F354066AA4D}.RelWithDebInfo|Win32.ActiveCfg = RelWithDebInfo|Win32
		{A486881A-559E-32CA-BE99-0F354066AA4D}.RelWithDebInfo|Win32.Build.0 = RelWithDebInfo|Win32
		{2875FEEE-64CB-358D-99F5-62F8ACF1B713}.Debug|Win32.ActiveCfg = Debug|Win32
		{2875FEEE-64CB-358D-99F5-62F8ACF1B713}.Debug|Win32.Build.0 = Debug|Win32
		{2875FEEE-64CB-358D-99F5-62F8ACF1B713}.Release|Win32.ActiveCfg = Release|Win32
		{2875FEEE-64CB-358D-99F5-62F8ACF1B713}.Release|Win32.Build.0 = Release|Win32
		{2875FEEE-64CB-358D-99F5-62F8ACF1B713}.MinSizeRel|Win32.ActiveCfg = MinSizeRel|Win32
		{2875FEEE-64CB-358D-99F5-62F8ACF1B713}.MinSizeRel|Win32.Build.0 = MinSizeRel|Win32
		{2875FEEE-64CB-358D-99F5-62F8ACF1B713}.RelWithDebInfo|Win32.ActiveCfg = RelWithDebInfo|Win32
		{2875FEEE-64CB-358D-99F5-62F8ACF1B713}.RelWithDebInfo|Win32.Build.0 = RelWithDebInfo|Win32
		{BA064006-D025-3A01-82B1-C3EB3B187CFB}.Debug|Win32.ActiveCfg = Debug|Win32
		{BA064006-D025-3A01-82B1-C3EB3B187CFB}.Debug|Win32.Build.0 = Debug|Win32
		{BA064006-D025-3A01-82B1-C3EB3B187CFB}.Release|Win32.ActiveCfg = Release|Win32
		{BA064006-D025-3A01-82B1-C3EB3B187CFB}.Release|Win32.Build.0 = Release|Win32
		{BA064006-D025-3A01-82B1-C3EB3B187CFB}.MinSizeRel|Win32.ActiveCfg = MinSizeRel|Win32
		{BA064006-D025-3A01-82B1-C3EB3B187CFB}.MinSizeRel|Win32.Build.0 = MinSizeRel|Win32
		{BA064006-D025-3A01-82B1-C3EB3B187CFB}.RelWithDebInfo|Win32.ActiveCfg = RelWithDebInfo|Win32
		{BA064006-D025-3A01-82B1-C3EB3B187CFB}.RelWithDebInfo|Win32.Build.0 = RelWithDebInfo|Win32
		{05D4BC5E-9162-3385-BA29-3F5BBF10FBBB}.Debug|Win32.ActiveCfg = Debug|Win32
		{05D4BC5E-9162-3385-BA29-3F5BBF10FBBB}.Debug|Win32.Build.0 = Debug|Win32
		{05D4BC5E-9162-3385-BA29-3F5BBF10FBBB}.Release|Win32.ActiveCfg = Release|Win32
		{05D4BC5E-9162-3385-BA29-3F5BBF10FBBB}.Release|Win32.Build.0 = Release|Win32
		{05D4BC5E-9162-3385-BA29-3F5BBF10FBBB}.MinSizeRel|Win32.ActiveCfg = MinSizeRel|Win32
		{05D4BC5E-9162-3385-BA29-3F5BBF10FBBB}.MinSizeRel|Win32.Build.0 = MinSizeRel|Win32
		{05D4BC5E-9162-3385-BA29-3F5BBF10FBBB}.RelWithDebInfo|Win32.ActiveCfg = RelWithDebInfo|Win32
		{05D4BC5E-9162-3385-BA29-3F5BBF10FBBB}.RelWithDebInfo|Win32.Build.0 = RelWithDebInfo|Win32
		{53DE739B-65C3-3B7C-A6BC-4A59D8EFFE1F}.Debug|Win32.ActiveCfg = Debug|Win32
		{53DE739B-65C3-3B7C-A6BC-4A59D8EFFE1F}.Debug|Win32.Build.0 = Debug|Win32
		{53DE739B-65C3-3B7C-A6BC-4A59D8EFFE1F}.Release|Win32.ActiveCfg = Release|Win32
		{53DE739B-65C3-3B7C-A6BC-4A59D8EFFE1F}.Release|Win32.Build.0 = Release|Win32
		{53DE739B-65C3-3B7C-A6BC-4A59D8EFFE1F}.MinSizeRel|Win32.ActiveCfg = MinSizeRel|Win32
		{53DE739B-65C3-3B7C-A6BC-4A59D8EFFE1F}.MinSizeRel|Win32.Build.0 = MinSizeRel|Win32
		{53DE739B-65C3-3B7C-A6BC-4A59D8EFFE1F}.RelWithDebInfo|Win32.ActiveCfg = RelWithDebInfo|Win32
		{53DE739B-65C3-3B7C-A6BC-4A59D8EFFE1F}.RelWithDebInfo|Win32.Build.0 = RelWithDebInfo|Win32
		{F20E4FD1-8730-3CEB-BCF5-8F0B232118B4}.Debug|Win32.ActiveCfg = Debug|Win32
		{F20E4FD1-8730-3CEB-BCF5-8F0B232118B4}.Debug|Win32.Build.0 = Debug|Win32
		{F20E4FD1-8730-3CEB-BCF5-8F0B232118B4}.Release|Win32.ActiveCfg = Release|Win32
		{F20E4FD1-8730-3CEB-BCF5-8F0B232118B4}.Release|Win32.Build.0 = Release|Win32
		{F20E4FD1-8730-3CEB-BCF5-8F0B232118B4}.MinSizeRel|Win32.ActiveCfg = MinSizeRel|Win32
		{F20E4FD1-8730-3CEB-BCF5-8F0B232118B4}.MinSizeRel|Win32.Build.0 = MinSizeRel|Win32
		{F20E4FD1-8730-3CEB-BCF5-8F0B232118B4}.RelWithDebInfo|Win32.ActiveCfg = RelWithDebInfo|Win32
		{F20E4FD1-8730-3CEB-BCF5-8F0B232118B4}.RelWithDebInfo|Win32.Build.0 = RelWithDebInfo|Win32
		{68133F99-6238-309F-83E0-46E0680E9E12}.Debug|Win32.ActiveCfg = Debug|Win32
		{68133F99-6238-309F-83E0-46E0680E9E12}.Debug|Win32.Build.0 = Debug|Win32
		{68133F99-6238-309F-83E0-46E0680E9E12}.Release|Win32.ActiveCfg = Release|Win32
		{68133F99-6238-309F-83E0-46E0680E9E12}.Release|Win32.Build.0 = Release|Win32
		{68133F99-6238-309F-83E0-46E0680E9E12}.MinSizeRel|Win32.ActiveCfg = MinSizeRel|Win32
		{68133F99-6238-309F-83E0-46E0680E9E12}.MinSizeRel|Win32.Build.0 = MinSizeRel|Win32
		{68133F99-6238-309F-83E0-46E0680E9E12}.RelWithDebInfo|Win32.ActiveCfg = RelWithDebInfo|Win32
		{68133F99-6238-309F-83E0-46E0680E9E12}.RelWithDebInfo|Win32.Build.0 = RelWithDebInfo|Win32
		{A91D27D7-0316-3208-9CF1-F76D10FBF474}.Debug|Win32.ActiveCfg = Debug|Win32
		{A91D27D7-0316-3208-9CF1-F76D10FBF474}.Debug|Win32.Build.0 = Debug|Win32
		{A91D27D7-0316-3208-9CF1-F76D10FBF474}.Release|Win32.ActiveCfg = Release|Win32
		{A91D27D7-0316-3208-9CF1-F76D10FBF474}.Release|Win32.Build.0 = Release|Win32
		{A91D27D7-0316-3208-9CF1-F76D10FBF474}.MinSizeRel|Win32.ActiveCfg = MinSizeRel|Win32
		{A91D27D7-0316-3208-9CF1-F76D10FBF474}.MinSizeRel|Win32.Build.0 = MinSizeRel|Win32
		{A91D27D7-0316-3208-9CF1-F76D10FBF474}.RelWithDebInfo|Win32.ActiveCfg = RelWithDebInfo|Win32
		{A91D27D7-0316-3208-9CF1-F76D10FBF474}.RelWithDebInfo|Win32.Build.0 = RelWithDebInfo|Win32
	EndGlobalSection
	GlobalSection(NestedProjects) = preSolution
		{1D7B53D3-1486-395E-ABB2-748EC70AFA02} = {108D7609-6814-3658-ADE6-8254A46E5F3B}
		{0F107324-CC83-3D01-BEC5-5D71C50C27FE} = {108D7609-6814-3658-ADE6-8254A46E5F3B}
		{BE6DA378-480B-3E1F-9128-2DFB6D111435} = {108D7609-6814-3658-ADE6-8254A46E5F3B}
		{39DDB930-3EC7-3E44-A635-15E482207955} = {118D7176-D27B-3CD6-BFFF-17BDD588B5EB}
		{6A71B04C-B751-36EC-B318-16A66425B303} = {664078AD-8930-3839-BD1C-5C1AEA959737}
		{A486881A-559E-32CA-BE99-0F354066AA4D} = {664078AD-8930-3839-BD1C-5C1AEA959737}
		{2875FEEE-64CB-358D-99F5-62F8ACF1B713} = {664078AD-8930-3839-BD1C-5C1AEA959737}
		{BA064006-D025-3A01-82B1-C3EB3B187CFB} = {664078AD-8930-3839-BD1C-5C1AEA959737}
		{53DE739B-65C3-3B7C-A6BC-4A59D8EFFE1F} = {664078AD-8930-3839-BD1C-5C1AEA959737}
		{F20E4FD1-8730-3CEB-BCF5-8F0B232118B4} = {664078AD-8930-3839-BD1C-5C1AEA959737}
		{68133F99-6238-309F-83E0-46E0680E9E12} = {664078AD-8930-3839-BD1C-5C1AEA959737}
		{A91D27D7-0316-3208-9CF1-F76D10FBF474} = {664078AD-8930-3839-BD1C-5C1AEA959737}
		{05D4BC5E-9162-3385-BA29-3F5BBF10FBBB} = {C47AB30F-A2BD-3978-BCE6-9A260A85D808}
	EndGlobalSection
	GlobalSection(ExtensibilityGlobals) = postSolution
		SolutionGuid = {06437F6F-CF05-3057-88CC-AE3C2EBD7086}
	EndGlobalSection
	GlobalSection(ExtensibilityAddIns) = postSolution
	EndGlobalSection
EndGlobal
