<?xml version="1.0" encoding="utf-8"?>
<Project ToolsVersion="15.0" xmlns="http://schemas.microsoft.com/developer/msbuild/2003">
  <ItemGroup>
    <CustomBuild Include="D:\bsfx86\CMakeFiles\0c35db53ade354642774a302171cc8f9\INSTALL_force.rule">
      <Filter>CMake Rules</Filter>
    </CustomBuild>
  </ItemGroup>
  <ItemGroup>
    <Filter Include="CMake Rules">
      <UniqueIdentifier>{985AC59C-CE65-35E6-BE63-53F96C9CC34C}</UniqueIdentifier>
    </Filter>
  </ItemGroup>
</Project>
