<?xml version="1.0" encoding="utf-8"?>
<Project ToolsVersion="15.0" xmlns="http://schemas.microsoft.com/developer/msbuild/2003">
  <ItemGroup>
    <ClCompile Include="D:\bsfx86\Source\Foundation\bsfEngine\Resources\BsBuiltinResourcesImporter.cpp">
      <Filter>Source Files</Filter>
    </ClCompile>
  </ItemGroup>
  <ItemGroup>
    <CustomBuild Include="D:\bsfx86\Source\CMakeLists.txt" />
  </ItemGroup>
  <ItemGroup>
    <Filter Include="Source Files">
      <UniqueIdentifier>{E89F6D38-FC5B-3BB8-AA5C-3038F5E6B7AF}</UniqueIdentifier>
    </Filter>
  </ItemGroup>
</Project>
